
Microsoft Visual Studio Solution File, Format Version 12.00
# Visual Studio 15
VisualStudioVersion = 15.0.27703.2026
MinimumVisualStudioVersion = 10.0.40219.1
Project("{FAE04EC0-301F-11D3-BF4B-00C04F79EFBC}") = "Snake201806", "Snake201806.csproj", "{FF1565FB-5B23-485C-84D2-E503C3ACDC7B}"
EndProject
Global
	GlobalSection(SolutionConfigurationPlatforms) = preSolution
		Debug|Any CPU = Debug|Any CPU
		Release|Any CPU = Release|Any CPU
	EndGlobalSection
	GlobalSection(ProjectConfigurationPlatforms) = postSolution
		{FF1565FB-5B23-485C-84D2-E503C3ACDC7B}.Debug|Any CPU.ActiveCfg = Debug|Any CPU
		{FF1565FB-5B23-485C-84D2-E503C3ACDC7B}.Debug|Any CPU.Build.0 = Debug|Any CPU
		{FF1565FB-5B23-485C-84D2-E503C3ACDC7B}.Release|Any CPU.ActiveCfg = Release|Any CPU
		{FF1565FB-5B23-485C-84D2-E503C3ACDC7B}.Release|Any CPU.Build.0 = Release|Any CPU
	EndGlobalSection
	GlobalSection(SolutionProperties) = preSolution
		HideSolutionNode = FALSE
	EndGlobalSection
	GlobalSection(ExtensibilityGlobals) = postSolution
		SolutionGuid = {32B4B3A0-534E-452B-8618-3443DD1BC3A3}
	EndGlobalSection
EndGlobal
